
Microsoft Visual Studio Solution File, Format Version 12.00
# Visual Studio Version 17
VisualStudioVersion = 17.0.32112.339
MinimumVisualStudioVersion = 10.0.40219.1
Project("{FAE04EC0-301F-11D3-BF4B-00C04F79EFBC}") = "WebServiceDemo", "WebServiceDemo.csproj", "{983F24E7-F17B-4353-96BE-6222ED24C29E}"
EndProject
Global
	GlobalSection(SolutionConfigurationPlatforms) = preSolution
		Debug|Any CPU = Debug|Any CPU
		Release|Any CPU = Release|Any CPU
	EndGlobalSection
	GlobalSection(ProjectConfigurationPlatforms) = postSolution
		{983F24E7-F17B-4353-96BE-6222ED24C29E}.Debug|Any CPU.ActiveCfg = Debug|Any CPU
		{983F24E7-F17B-4353-96BE-6222ED24C29E}.Debug|Any CPU.Build.0 = Debug|Any CPU
		{983F24E7-F17B-4353-96BE-6222ED24C29E}.Release|Any CPU.ActiveCfg = Release|Any CPU
		{983F24E7-F17B-4353-96BE-6222ED24C29E}.Release|Any CPU.Build.0 = Release|Any CPU
	EndGlobalSection
	GlobalSection(SolutionProperties) = preSolution
		HideSolutionNode = FALSE
	EndGlobalSection
	GlobalSection(ExtensibilityGlobals) = postSolution
		SolutionGuid = {B35837E2-5104-4B22-BDC8-E829D746CAC5}
	EndGlobalSection
EndGlobal
